
Microsoft Visual Studio Solution File, Format Version 12.00
# Visual Studio Version 16
VisualStudioVersion = 16.0.29613.14
MinimumVisualStudioVersion = 10.0.40219.1
Project("{9A19103F-16F7-4668-BE54-9A1E7A4F7556}") = "StockMusicMasters", "StockMusicMasters\StockMusicMasters.csproj", "{C804DF78-CE57-475B-BAD4-B381A84E2E77}"
EndProject
Project("{FAE04EC0-301F-11D3-BF4B-00C04F79EFBC}") = "StockMusicMastersTests", "StockMusicMastersTests\StockMusicMastersTests.csproj", "{680E7F39-9F07-4524-AE43-A2E573F4E2C5}"
	ProjectSection(ProjectDependencies) = postProject
		{C804DF78-CE57-475B-BAD4-B381A84E2E77} = {C804DF78-CE57-475B-BAD4-B381A84E2E77}
	EndProjectSection
EndProject
Global
	GlobalSection(SolutionConfigurationPlatforms) = preSolution
		Debug|Any CPU = Debug|Any CPU
		Release|Any CPU = Release|Any CPU
	EndGlobalSection
	GlobalSection(ProjectConfigurationPlatforms) = postSolution
		{C804DF78-CE57-475B-BAD4-B381A84E2E77}.Debug|Any CPU.ActiveCfg = Debug|Any CPU
		{C804DF78-CE57-475B-BAD4-B381A84E2E77}.Debug|Any CPU.Build.0 = Debug|Any CPU
		{C804DF78-CE57-475B-BAD4-B381A84E2E77}.Release|Any CPU.ActiveCfg = Release|Any CPU
		{C804DF78-CE57-475B-BAD4-B381A84E2E77}.Release|Any CPU.Build.0 = Release|Any CPU
		{680E7F39-9F07-4524-AE43-A2E573F4E2C5}.Debug|Any CPU.ActiveCfg = Debug|Any CPU
		{680E7F39-9F07-4524-AE43-A2E573F4E2C5}.Debug|Any CPU.Build.0 = Debug|Any CPU
		{680E7F39-9F07-4524-AE43-A2E573F4E2C5}.Release|Any CPU.ActiveCfg = Release|Any CPU
		{680E7F39-9F07-4524-AE43-A2E573F4E2C5}.Release|Any CPU.Build.0 = Release|Any CPU
	EndGlobalSection
	GlobalSection(SolutionProperties) = preSolution
		HideSolutionNode = FALSE
	EndGlobalSection
	GlobalSection(ExtensibilityGlobals) = postSolution
		SolutionGuid = {D3607889-A288-4B3E-B368-4F5C4D1E625D}
	EndGlobalSection
EndGlobal
